
Microsoft Visual Studio Solution File, Format Version 12.00
# Visual Studio Version 16
VisualStudioVersion = 16.0.29728.190
MinimumVisualStudioVersion = 10.0.40219.1
Project("{9A19103F-16F7-4668-BE54-9A1E7A4F7556}") = "SharpQuill", "SharpQuill\SharpQuill.csproj", "{C988973C-D836-49FD-BB04-852915A1C354}"
EndProject
Global
	GlobalSection(SolutionConfigurationPlatforms) = preSolution
		Debug|Any CPU = Debug|Any CPU
		Release|Any CPU = Release|Any CPU
	EndGlobalSection
	GlobalSection(ProjectConfigurationPlatforms) = postSolution
		{C988973C-D836-49FD-BB04-852915A1C354}.Debug|Any CPU.ActiveCfg = Debug|Any CPU
		{C988973C-D836-49FD-BB04-852915A1C354}.Debug|Any CPU.Build.0 = Debug|Any CPU
		{C988973C-D836-49FD-BB04-852915A1C354}.Release|Any CPU.ActiveCfg = Release|Any CPU
		{C988973C-D836-49FD-BB04-852915A1C354}.Release|Any CPU.Build.0 = Release|Any CPU
	EndGlobalSection
	GlobalSection(SolutionProperties) = preSolution
		HideSolutionNode = FALSE
	EndGlobalSection
	GlobalSection(ExtensibilityGlobals) = postSolution
		SolutionGuid = {5051B7EB-08BB-47B1-A205-AC08D34B119E}
	EndGlobalSection
EndGlobal
